<?xml version="1.0" encoding="utf-8"?>
<Project ToolsVersion="4.0" xmlns="http://schemas.microsoft.com/developer/msbuild/2003">
  <ItemGroup>
    <Filter Include="Source Files">
      <UniqueIdentifier>{4FC737F1-C7A5-4376-A066-2A32D752A2FF}</UniqueIdentifier>
      <Extensions>cpp;c;cc;cxx;def;odl;idl;hpj;bat;asm;asmx</Extensions>
    </Filter>
    <Filter Include="Header Files">
      <UniqueIdentifier>{93995380-89BD-4b04-88EB-625FBE52EBFB}</UniqueIdentifier>
      <Extensions>h;hh;hpp;hxx;hm;inl;inc;xsd</Extensions>
    </Filter>
    <Filter Include="Resource Files">
      <UniqueIdentifier>{67DA6AB6-F800-4c08-8B7A-83BB121AAD01}</UniqueIdentifier>
      <Extensions>rc;ico;cur;bmp;dlg;rc2;rct;bin;rgs;gif;jpg;jpeg;jpe;resx;tiff;tif;png;wav;mfcribbon-ms</Extensions>
    </Filter>
    <Filter Include="Header Files\fsm">
      <UniqueIdentifier>{45697348-baa9-46ff-9d46-eecc37362506}</UniqueIdentifier>
    </Filter>
    <Filter Include="Header Files\msg">
      <UniqueIdentifier>{1e19c752-7de6-48a5-86fd-2ae5cc24ce0e}</UniqueIdentifier>
    </Filter>
    <Filter Include="Source Files\msg">
      <UniqueIdentifier>{e8304bf7-736a-45d3-8ff4-b352d752b8ab}</UniqueIdentifier>
    </Filter>
    <Filter Include="Header Files\game">
      <UniqueIdentifier>{fce8eb28-61b2-47ca-9640-ddc98f05aa21}</UniqueIdentifier>
    </Filter>
    <Filter Include="Source Files\game">
      <UniqueIdentifier>{cddd3ab4-7600-412a-abc0-4bfbdf6695c2}</UniqueIdentifier>
    </Filter>
  </ItemGroup>
  <ItemGroup>
    <ClInclude Include="Miner.h">
      <Filter>Header Files</Filter>
    </ClInclude>
    <ClInclude Include="Locations.h">
      <Filter>Header Files</Filter>
    </ClInclude>
    <ClInclude Include="EntityNames.h">
      <Filter>Header Files</Filter>
    </ClInclude>
    <ClInclude Include="MinerOwnedStates.h">
      <Filter>Header Files</Filter>
    </ClInclude>
    <ClInclude Include="MinersWifeOwnedStates.h">
      <Filter>Header Files</Filter>
    </ClInclude>
    <ClInclude Include="MinersWife.h">
      <Filter>Header Files</Filter>
    </ClInclude>
    <ClInclude Include="MessageTypes.h">
      <Filter>Header Files</Filter>
    </ClInclude>
    <ClInclude Include="fsm\State.h">
      <Filter>Header Files\fsm</Filter>
    </ClInclude>
    <ClInclude Include="fsm\StateMachine.h">
      <Filter>Header Files\fsm</Filter>
    </ClInclude>
    <ClInclude Include="msg\MessageDispatcher.h">
      <Filter>Header Files\msg</Filter>
    </ClInclude>
    <ClInclude Include="msg\Telegram.h">
      <Filter>Header Files\msg</Filter>
    </ClInclude>
    <ClInclude Include="game\BaseGameEntity.h">
      <Filter>Header Files\game</Filter>
    </ClInclude>
    <ClInclude Include="game\EntityManager.h">
      <Filter>Header Files\game</Filter>
    </ClInclude>
    <ClInclude Include="Debug\DebugConsole.h">
      <Filter>Header Files</Filter>
    </ClInclude>
    <ClInclude Include="time\CrudeTimer.h">
      <Filter>Header Files</Filter>
    </ClInclude>
    <ClInclude Include="time\PrecisionTimer.h">
      <Filter>Header Files</Filter>
    </ClInclude>
    <ClInclude Include="time\Regulator.h">
      <Filter>Header Files</Filter>
    </ClInclude>
    <ClInclude Include="misc\autolist.h">
      <Filter>Header Files</Filter>
    </ClInclude>
    <ClInclude Include="misc\CellSpacePartition.h">
      <Filter>Header Files</Filter>
    </ClInclude>
    <ClInclude Include="misc\Cgdi.h">
      <Filter>Header Files</Filter>
    </ClInclude>
    <ClInclude Include="misc\ConsoleUtils.h">
      <Filter>Header Files</Filter>
    </ClInclude>
    <ClInclude Include="misc\FrameCounter.h">
      <Filter>Header Files</Filter>
    </ClInclude>
    <ClInclude Include="misc\iniFileLoaderBase.h">
      <Filter>Header Files</Filter>
    </ClInclude>
    <ClInclude Include="misc\PriorityQueue.h">
      <Filter>Header Files</Filter>
    </ClInclude>
    <ClInclude Include="misc\Smoother.h">
      <Filter>Header Files</Filter>
    </ClInclude>
    <ClInclude Include="misc\Stream_Utility_Functions.h">
      <Filter>Header Files</Filter>
    </ClInclude>
    <ClInclude Include="misc\TypeToString.h">
      <Filter>Header Files</Filter>
    </ClInclude>
    <ClInclude Include="misc\utils.h">
      <Filter>Header Files</Filter>
    </ClInclude>
    <ClInclude Include="misc\WindowUtils.h">
      <Filter>Header Files</Filter>
    </ClInclude>
    <ClInclude Include="2d\C2DMatrix.h">
      <Filter>Header Files</Filter>
    </ClInclude>
    <ClInclude Include="2d\geometry.h">
      <Filter>Header Files</Filter>
    </ClInclude>
    <ClInclude Include="2d\InvertedAABBox2D.h">
      <Filter>Header Files</Filter>
    </ClInclude>
    <ClInclude Include="2d\Transformations.h">
      <Filter>Header Files</Filter>
    </ClInclude>
    <ClInclude Include="2d\Vector2D.h">
      <Filter>Header Files</Filter>
    </ClInclude>
    <ClInclude Include="2d\Wall2D.h">
      <Filter>Header Files</Filter>
    </ClInclude>
    <ClInclude Include="2d\WallIntersectionTests.h">
      <Filter>Header Files</Filter>
    </ClInclude>
  </ItemGroup>
  <ItemGroup>
    <ClCompile Include="Miner.cpp">
      <Filter>Source Files</Filter>
    </ClCompile>
    <ClCompile Include="Main.cpp">
      <Filter>Source Files</Filter>
    </ClCompile>
    <ClCompile Include="MinerOwnedStates.cpp">
      <Filter>Source Files</Filter>
    </ClCompile>
    <ClCompile Include="MinersWifeOwnedStates.cpp">
      <Filter>Source Files</Filter>
    </ClCompile>
    <ClCompile Include="MinersWife.cpp">
      <Filter>Source Files</Filter>
    </ClCompile>
    <ClCompile Include="msg\MessageDispatcher.cpp">
      <Filter>Source Files\msg</Filter>
    </ClCompile>
    <ClCompile Include="game\BaseGameEntity.cpp">
      <Filter>Source Files\game</Filter>
    </ClCompile>
    <ClCompile Include="game\EntityMananger.cpp">
      <Filter>Source Files\game</Filter>
    </ClCompile>
    <ClCompile Include="debug\DebugConsole.cpp">
      <Filter>Source Files</Filter>
    </ClCompile>
    <ClCompile Include="time\CrudeTimer.cpp">
      <Filter>Source Files</Filter>
    </ClCompile>
    <ClCompile Include="time\PrecisionTimer.cpp">
      <Filter>Source Files</Filter>
    </ClCompile>
    <ClCompile Include="misc\Cgdi.cpp">
      <Filter>Source Files</Filter>
    </ClCompile>
    <ClCompile Include="misc\FrameCounter.cpp">
      <Filter>Source Files</Filter>
    </ClCompile>
    <ClCompile Include="misc\iniFileLoaderBase.cpp">
      <Filter>Source Files</Filter>
    </ClCompile>
    <ClCompile Include="misc\WindowUtils.cpp">
      <Filter>Source Files</Filter>
    </ClCompile>
    <ClCompile Include="2d\Vector2d.cpp">
      <Filter>Source Files</Filter>
    </ClCompile>
  </ItemGroup>
</Project>