<?xml version="1.0" encoding="utf-8"?>
<Project ToolsVersion="4.0" xmlns="http://schemas.microsoft.com/developer/msbuild/2003">
  <ItemGroup>
    <Filter Include="Source Files">
      <UniqueIdentifier>{4FC737F1-C7A5-4376-A066-2A32D752A2FF}</UniqueIdentifier>
      <Extensions>cpp;c;cc;cxx;def;odl;idl;hpj;bat;asm;asmx</Extensions>
    </Filter>
    <Filter Include="Header Files">
      <UniqueIdentifier>{93995380-89BD-4b04-88EB-625FBE52EBFB}</UniqueIdentifier>
      <Extensions>h;hh;hpp;hxx;hm;inl;inc;xsd</Extensions>
    </Filter>
    <Filter Include="Resource Files">
      <UniqueIdentifier>{67DA6AB6-F800-4c08-8B7A-83BB121AAD01}</UniqueIdentifier>
      <Extensions>rc;ico;cur;bmp;dlg;rc2;rct;bin;rgs;gif;jpg;jpeg;jpe;resx;tiff;tif;png;wav;mfcribbon-ms</Extensions>
    </Filter>
    <Filter Include="Header Files\sun">
      <UniqueIdentifier>{c4770a98-562e-4a3e-833f-4202296884c9}</UniqueIdentifier>
    </Filter>
    <Filter Include="Source Files\sun">
      <UniqueIdentifier>{892d170d-4ed1-4960-92f9-979997019261}</UniqueIdentifier>
    </Filter>
  </ItemGroup>
  <ItemGroup>
    <ClInclude Include="util.h">
      <Filter>Header Files\sun</Filter>
    </ClInclude>
    <ClInclude Include="thread_pool.h">
      <Filter>Header Files\sun</Filter>
    </ClInclude>
    <ClInclude Include="task_parameter.h">
      <Filter>Header Files</Filter>
    </ClInclude>
    <ClInclude Include="abstract_task.h">
      <Filter>Header Files\sun</Filter>
    </ClInclude>
    <ClInclude Include="task.h">
      <Filter>Header Files</Filter>
    </ClInclude>
    <ClInclude Include="thead_pool.cpp">
      <Filter>Source Files\sun</Filter>
    </ClInclude>
  </ItemGroup>
  <ItemGroup>
    <ClCompile Include="test.cpp">
      <Filter>Source Files</Filter>
    </ClCompile>
    <ClCompile Include="task.cpp">
      <Filter>Source Files</Filter>
    </ClCompile>
  </ItemGroup>
</Project>